{
  "version": 4,
  "terraform_version": "1.5.7",
  "serial": 255,
  "lineage": "762b14a8-a2e8-db0e-164a-0fdfc5d537db",
  "outputs": {
    "node_ids": {
      "value": {
        "node1": "1f190d5b-cca4-4ea0-a995-855b2c36734f",
        "node2": "5e534663-642e-44cb-a35c-af5726235fc5"
      },
      "type": [
        "object",
        {
          "node1": "string",
          "node2": "string"
        }
      ]
    },
    "node_names": {
      "value": [
        "node1",
        "node2"
      ],
      "type": [
        "tuple",
        [
          "string",
          "string"
        ]
      ]
    }
  },
  "resources": [
    {
      "mode": "data",
      "type": "zedcloud_brand",
      "name": "ZedVirtualDevice",
      "provider": "provider[\"registry.terraform.io/zededa/zedcloud\"]",
      "instances": [
        {
          "schema_version": 0,
          "attributes": {
            "attr": {},
            "description": "",
            "id": "4cac84ae-c2d9-45f1-9a28-278766902db0",
            "logo": {
              "logo": "43bf87fe-a499-11ec-b7a9-002248781bf2_logo"
            },
            "name": "ZedVirtualDevice",
            "origin_type": "ORIGIN_IMPORTED",
            "revision": [
              {
                "created_at": "2025-08-28T05:47:51.638Z",
                "created_by": "sathiya-barq@zededa.com",
                "curr": "1",
                "prev": "",
                "updated_at": "2025-08-28T05:47:51.638Z",
                "updated_by": "sathiya-barq@zededa.com"
              }
            ],
            "state": "SYS_MODEL_STATE_ACTIVE",
            "svg": "",
            "system_mfg_name": "ZedVirtualDevice",
            "title": "ZedVirtualDevice"
          },
          "sensitive_attributes": []
        }
      ]
    },
    {
      "mode": "managed",
      "type": "zedcloud_application",
      "name": "ppe_detection_demo",
      "provider": "provider[\"registry.terraform.io/zededa/zedcloud\"]",
      "instances": [
        {
          "schema_version": 0,
          "attributes": {
            "app_inst_count": 0,
            "cpus": 2,
            "datastore_id_list": null,
            "description": "",
            "drives": 1,
            "id": "718a3f15-5876-49bf-a1be-26d1613912a5",
            "is_imported": false,
            "manifest": [
              {
                "ac_kind": "PodManifest",
                "ac_version": "1.2.0",
                "app_type": "APP_TYPE_CONTAINER",
                "configuration": [],
                "container_detail": [],
                "cpu_pinning_enabled": true,
                "deployment_type": "DEPLOYMENT_TYPE_STAND_ALONE",
                "desc": [
                  {
                    "agreement_list": null,
                    "app_category": "APP_CATEGORY_UNSPECIFIED",
                    "category": "APP_CATEGORY_terraform",
                    "license_list": null,
                    "logo": null,
                    "os": "",
                    "screenshot_list": null,
                    "support": ""
                  }
                ],
                "description": "",
                "display_name": "",
                "docker_compose_tar_image_name": "",
                "docker_compose_yaml_text": "",
                "enable_oem_win_license_key": false,
                "enablevnc": true,
                "images": [
                  {
                    "cleartext": false,
                    "drvtype": "",
                    "ignorepurge": false,
                    "imageformat": "CONTAINER",
                    "imageid": "c7a96e40-33f5-4277-8daa-279a6949aa3e",
                    "imagename": "ppe_detection_version1",
                    "maxsize": "0",
                    "mountpath": "",
                    "params": [],
                    "preserve": false,
                    "readonly": false,
                    "target": "",
                    "volumelabel": ""
                  }
                ],
                "interfaces": [
                  {
                    "acls": [
                      {
                        "actions": [],
                        "matches": [
                          {
                            "type": "ip",
                            "value": "0.0.0.0/0"
                          }
                        ],
                        "name": ""
                      },
                      {
                        "actions": [],
                        "matches": [
                          {
                            "type": "ip",
                            "value": "0.0.0.0/0"
                          }
                        ],
                        "name": ""
                      },
                      {
                        "actions": [
                          {
                            "drop": false,
                            "limit": false,
                            "limit_value": [],
                            "limitburst": 0,
                            "limitrate": 0,
                            "limitunit": "",
                            "portmap": true,
                            "portmapto": [
                              {
                                "app_port": 22
                              }
                            ]
                          }
                        ],
                        "matches": [
                          {
                            "type": "ip",
                            "value": "0.0.0.0/0"
                          },
                          {
                            "type": "protocol",
                            "value": "tcp"
                          },
                          {
                            "type": "lport",
                            "value": "30001"
                          },
                          {
                            "type": "ip",
                            "value": "0.0.0.0/0"
                          }
                        ],
                        "name": ""
                      },
                      {
                        "actions": [
                          {
                            "drop": false,
                            "limit": false,
                            "limit_value": [],
                            "limitburst": 0,
                            "limitrate": 0,
                            "limitunit": "",
                            "portmap": true,
                            "portmapto": [
                              {
                                "app_port": 5000
                              }
                            ]
                          }
                        ],
                        "matches": [
                          {
                            "type": "protocol",
                            "value": "tcp"
                          },
                          {
                            "type": "lport",
                            "value": "5000"
                          },
                          {
                            "type": "ip",
                            "value": "0.0.0.0/0"
                          }
                        ],
                        "name": ""
                      },
                      {
                        "actions": [
                          {
                            "drop": false,
                            "limit": false,
                            "limit_value": [],
                            "limitburst": 0,
                            "limitrate": 0,
                            "limitunit": "",
                            "portmap": true,
                            "portmapto": [
                              {
                                "app_port": 8080
                              }
                            ]
                          }
                        ],
                        "matches": [
                          {
                            "type": "protocol",
                            "value": "tcp"
                          },
                          {
                            "type": "ip",
                            "value": "0.0.0.0/0"
                          },
                          {
                            "type": "lport",
                            "value": "8080"
                          }
                        ],
                        "name": ""
                      }
                    ],
                    "directattach": false,
                    "name": "eth0",
                    "optional": false,
                    "privateip": false,
                    "type": ""
                  }
                ],
                "module": [],
                "name": "ppe_detection_demo",
                "owner": [
                  {
                    "company": "ZEDEDA",
                    "email": "sathiyadev@zededa.com",
                    "group": "",
                    "user": "sathiaydev",
                    "website": "www.zededa.com"
                  }
                ],
                "permissions": [],
                "persistent_runtime_size_bytes": "0",
                "resources": [
                  {
                    "name": "resourceType",
                    "value": "custom"
                  },
                  {
                    "name": "cpus",
                    "value": "2"
                  },
                  {
                    "name": "memory",
                    "value": "4194304"
                  }
                ],
                "runtime_protocol_version": "RuntimeProtocolVersion_Unknown",
                "runtime_version": "RuntimeVersion_Unknown",
                "vmmode": "HV_PV"
              }
            ],
            "manifest_file": null,
            "memory": 4194304,
            "name": "ppe_detection_demo",
            "networks": 1,
            "origin_type": "ORIGIN_LOCAL",
            "parent_detail": [
              {
                "id_of_parent_object": "",
                "reference_exists": false,
                "update_available": false,
                "version_of_parent_object": 0
              }
            ],
            "project_access_list": [
              "062bccc1-e6b5-415b-b624-484cfd3d4c32"
            ],
            "revision": [
              {
                "created_at": "2025-08-28T06:10:02.916Z",
                "created_by": "sathiya-barq@zededa.com",
                "curr": "1",
                "prev": "",
                "updated_at": "2025-08-28T06:10:02.916Z",
                "updated_by": "sathiya-barq@zededa.com"
              }
            ],
            "storage": 0,
            "title": "ppe_detection_demo",
            "user_defined_version": "N/A"
          },
          "sensitive_attributes": [],
          "private": "bnVsbA==",
          "dependencies": [
            "zedcloud_datastore.barq_demo",
            "zedcloud_image.ppe_detection",
            "zedcloud_project.zededa_project"
          ]
        }
      ]
    },
    {
      "mode": "managed",
      "type": "zedcloud_application_instance",
      "name": "deploy_application",
      "provider": "provider[\"registry.terraform.io/zededa/zedcloud\"]",
      "instances": [
        {
          "index_key": "node1",
          "schema_version": 0,
          "attributes": {
            "activate": true,
            "app_id": "718a3f15-5876-49bf-a1be-26d1613912a5",
            "app_policy_id": "",
            "app_type": "APP_TYPE_CONTAINER",
            "bundleversion": "1",
            "cluster_id": "",
            "collect_stats_ip_addr": "",
            "crypto_key": "",
            "custom_config": [
              {
                "add": false,
                "allow_storage_resize": false,
                "field_delimiter": "",
                "name": "",
                "override": false,
                "template": "",
                "variable_groups": []
              }
            ],
            "deployment_type": "DEPLOYMENT_TYPE_STAND_ALONE",
            "description": "",
            "device_id": "1f190d5b-cca4-4ea0-a995-855b2c36734f",
            "docker_compose_tar_image_name": "",
            "docker_compose_yaml_text": "",
            "drives": [
              {
                "cleartext": false,
                "drvtype": "HDD",
                "ignorepurge": true,
                "imagename": "ppe_detection_version1",
                "imvolname": "node1-ppe-detection_0_im_0",
                "maxsize": "1000000",
                "mountpath": "",
                "mvolname": "node1-ppe-detection_0_m_0",
                "preserve": false,
                "readonly": false,
                "target": "Disk",
                "volumelabel": ""
              }
            ],
            "edge_node_cluster": [
              {
                "designated_node_id": "",
                "id": ""
              }
            ],
            "encrypted_secrets": {},
            "id": "b0a9a6d3-0385-4bf2-b807-acbd4c2bcc16",
            "interfaces": [
              {
                "access_vlan_id": 0,
                "acls": [
                  {
                    "actions": [],
                    "id": 1,
                    "matches": [
                      {
                        "type": "ip",
                        "value": "0.0.0.0/0"
                      }
                    ],
                    "name": ""
                  },
                  {
                    "actions": [],
                    "id": 2,
                    "matches": [
                      {
                        "type": "ip",
                        "value": "0.0.0.0/0"
                      }
                    ],
                    "name": ""
                  },
                  {
                    "actions": [
                      {
                        "drop": false,
                        "limit": false,
                        "limitburst": 0,
                        "limitrate": 0,
                        "limitunit": "",
                        "mapparams": [
                          {
                            "port": 22
                          }
                        ],
                        "portmap": true
                      }
                    ],
                    "id": 3,
                    "matches": [
                      {
                        "type": "ip",
                        "value": "0.0.0.0/0"
                      },
                      {
                        "type": "protocol",
                        "value": "tcp"
                      },
                      {
                        "type": "lport",
                        "value": "30001"
                      },
                      {
                        "type": "ip",
                        "value": "0.0.0.0/0"
                      }
                    ],
                    "name": ""
                  },
                  {
                    "actions": [
                      {
                        "drop": false,
                        "limit": false,
                        "limitburst": 0,
                        "limitrate": 0,
                        "limitunit": "",
                        "mapparams": [
                          {
                            "port": 5000
                          }
                        ],
                        "portmap": true
                      }
                    ],
                    "id": 4,
                    "matches": [
                      {
                        "type": "protocol",
                        "value": "tcp"
                      },
                      {
                        "type": "lport",
                        "value": "5000"
                      },
                      {
                        "type": "ip",
                        "value": "0.0.0.0/0"
                      }
                    ],
                    "name": ""
                  },
                  {
                    "actions": [
                      {
                        "drop": false,
                        "limit": false,
                        "limitburst": 0,
                        "limitrate": 0,
                        "limitunit": "",
                        "mapparams": [
                          {
                            "port": 8080
                          }
                        ],
                        "portmap": true
                      }
                    ],
                    "id": 5,
                    "matches": [
                      {
                        "type": "protocol",
                        "value": "tcp"
                      },
                      {
                        "type": "ip",
                        "value": "0.0.0.0/0"
                      },
                      {
                        "type": "lport",
                        "value": "8080"
                      }
                    ],
                    "name": ""
                  }
                ],
                "default_net_instance": false,
                "directattach": false,
                "eidregister": [],
                "intfname": "eth0",
                "intforder": 0,
                "io": [],
                "ipaddr": "",
                "macaddr": "",
                "netinstid": "b2ad9efb-157f-4892-84b7-c325cc77cf4d",
                "netinstname": "node1-eth0",
                "netinsttag": null,
                "netname": "",
                "privateip": false
              }
            ],
            "is_secret_updated": false,
            "logs": [
              {
                "access": true
              }
            ],
            "manifest_info": [
              {
                "bundle_version": "1",
                "details": [],
                "next_bundle_version": "1",
                "params": {},
                "transition_action": "INSTANCE_TA_NONE"
              }
            ],
            "name": "node1-ppe-detection",
            "persistent_runtime_size_bytes": "0",
            "project_id": "062bccc1-e6b5-415b-b624-484cfd3d4c32",
            "purge": [
              {
                "counter": 0
              }
            ],
            "refresh": [
              {
                "counter": 0
              }
            ],
            "remote_console": false,
            "restart": [
              {
                "counter": 0
              }
            ],
            "revision": [
              {
                "created_at": "2025-08-28T06:10:03.648Z",
                "created_by": "sathiya-barq@zededa.com",
                "curr": "1",
                "prev": "",
                "updated_at": "2025-08-28T06:10:03.648Z",
                "updated_by": "sathiya-barq@zededa.com"
              }
            ],
            "start_delay_in_seconds": 0,
            "tags": null,
            "title": "node1-ppe-detection",
            "user_data": "",
            "user_defined_version": "N/A",
            "vminfo": [
              {
                "cpu_pinning_enabled": false,
                "cpus": 2,
                "enable_oem_win_license_key": false,
                "memory": 4194304,
                "mode": "HV_PV",
                "vnc": true,
                "vnc_display": 0
              }
            ]
          },
          "sensitive_attributes": [],
          "private": "bnVsbA==",
          "dependencies": [
            "zedcloud_application.ppe_detection_demo",
            "zedcloud_datastore.barq_demo",
            "zedcloud_edgenode.deploy_nodes",
            "zedcloud_image.ppe_detection",
            "zedcloud_network.terr_interface",
            "zedcloud_network_instance.node1_instance",
            "zedcloud_network_instance.node2_instance",
            "zedcloud_project.zededa_project"
          ]
        },
        {
          "index_key": "node2",
          "schema_version": 0,
          "attributes": {
            "activate": true,
            "app_id": "718a3f15-5876-49bf-a1be-26d1613912a5",
            "app_policy_id": "",
            "app_type": "APP_TYPE_CONTAINER",
            "bundleversion": "1",
            "cluster_id": "",
            "collect_stats_ip_addr": "",
            "crypto_key": "",
            "custom_config": [
              {
                "add": false,
                "allow_storage_resize": false,
                "field_delimiter": "",
                "name": "",
                "override": false,
                "template": "",
                "variable_groups": []
              }
            ],
            "deployment_type": "DEPLOYMENT_TYPE_STAND_ALONE",
            "description": "",
            "device_id": "5e534663-642e-44cb-a35c-af5726235fc5",
            "docker_compose_tar_image_name": "",
            "docker_compose_yaml_text": "",
            "drives": [
              {
                "cleartext": false,
                "drvtype": "HDD",
                "ignorepurge": true,
                "imagename": "ppe_detection_version1",
                "imvolname": "node2-ppe-detection_0_im_0",
                "maxsize": "1000000",
                "mountpath": "",
                "mvolname": "node2-ppe-detection_0_m_0",
                "preserve": false,
                "readonly": false,
                "target": "Disk",
                "volumelabel": ""
              }
            ],
            "edge_node_cluster": [
              {
                "designated_node_id": "",
                "id": ""
              }
            ],
            "encrypted_secrets": {},
            "id": "21c23017-7dcc-4f40-b8a5-d5eb712652d5",
            "interfaces": [
              {
                "access_vlan_id": 0,
                "acls": [
                  {
                    "actions": [],
                    "id": 1,
                    "matches": [
                      {
                        "type": "ip",
                        "value": "0.0.0.0/0"
                      }
                    ],
                    "name": ""
                  },
                  {
                    "actions": [],
                    "id": 2,
                    "matches": [
                      {
                        "type": "ip",
                        "value": "0.0.0.0/0"
                      }
                    ],
                    "name": ""
                  },
                  {
                    "actions": [
                      {
                        "drop": false,
                        "limit": false,
                        "limitburst": 0,
                        "limitrate": 0,
                        "limitunit": "",
                        "mapparams": [
                          {
                            "port": 22
                          }
                        ],
                        "portmap": true
                      }
                    ],
                    "id": 3,
                    "matches": [
                      {
                        "type": "ip",
                        "value": "0.0.0.0/0"
                      },
                      {
                        "type": "protocol",
                        "value": "tcp"
                      },
                      {
                        "type": "lport",
                        "value": "30001"
                      },
                      {
                        "type": "ip",
                        "value": "0.0.0.0/0"
                      }
                    ],
                    "name": ""
                  },
                  {
                    "actions": [
                      {
                        "drop": false,
                        "limit": false,
                        "limitburst": 0,
                        "limitrate": 0,
                        "limitunit": "",
                        "mapparams": [
                          {
                            "port": 5000
                          }
                        ],
                        "portmap": true
                      }
                    ],
                    "id": 4,
                    "matches": [
                      {
                        "type": "protocol",
                        "value": "tcp"
                      },
                      {
                        "type": "lport",
                        "value": "5000"
                      },
                      {
                        "type": "ip",
                        "value": "0.0.0.0/0"
                      }
                    ],
                    "name": ""
                  },
                  {
                    "actions": [
                      {
                        "drop": false,
                        "limit": false,
                        "limitburst": 0,
                        "limitrate": 0,
                        "limitunit": "",
                        "mapparams": [
                          {
                            "port": 8080
                          }
                        ],
                        "portmap": true
                      }
                    ],
                    "id": 5,
                    "matches": [
                      {
                        "type": "protocol",
                        "value": "tcp"
                      },
                      {
                        "type": "ip",
                        "value": "0.0.0.0/0"
                      },
                      {
                        "type": "lport",
                        "value": "8080"
                      }
                    ],
                    "name": ""
                  }
                ],
                "default_net_instance": false,
                "directattach": false,
                "eidregister": [],
                "intfname": "eth0",
                "intforder": 0,
                "io": [],
                "ipaddr": "",
                "macaddr": "",
                "netinstid": "3ceee9ef-0e8e-4f09-86bb-b23fc4297128",
                "netinstname": "node2-eth0",
                "netinsttag": null,
                "netname": "",
                "privateip": false
              }
            ],
            "is_secret_updated": false,
            "logs": [
              {
                "access": true
              }
            ],
            "manifest_info": [
              {
                "bundle_version": "1",
                "details": [],
                "next_bundle_version": "1",
                "params": {},
                "transition_action": "INSTANCE_TA_NONE"
              }
            ],
            "name": "node2-ppe-detection",
            "persistent_runtime_size_bytes": "0",
            "project_id": "062bccc1-e6b5-415b-b624-484cfd3d4c32",
            "purge": [
              {
                "counter": 0
              }
            ],
            "refresh": [
              {
                "counter": 0
              }
            ],
            "remote_console": false,
            "restart": [
              {
                "counter": 0
              }
            ],
            "revision": [
              {
                "created_at": "2025-08-28T06:10:03.648Z",
                "created_by": "sathiya-barq@zededa.com",
                "curr": "1",
                "prev": "",
                "updated_at": "2025-08-28T06:10:03.648Z",
                "updated_by": "sathiya-barq@zededa.com"
              }
            ],
            "start_delay_in_seconds": 0,
            "tags": null,
            "title": "node2-ppe-detection",
            "user_data": "",
            "user_defined_version": "N/A",
            "vminfo": [
              {
                "cpu_pinning_enabled": false,
                "cpus": 2,
                "enable_oem_win_license_key": false,
                "memory": 4194304,
                "mode": "HV_PV",
                "vnc": true,
                "vnc_display": 0
              }
            ]
          },
          "sensitive_attributes": [],
          "private": "bnVsbA==",
          "dependencies": [
            "zedcloud_application.ppe_detection_demo",
            "zedcloud_datastore.barq_demo",
            "zedcloud_edgenode.deploy_nodes",
            "zedcloud_image.ppe_detection",
            "zedcloud_network.terr_interface",
            "zedcloud_network_instance.node1_instance",
            "zedcloud_network_instance.node2_instance",
            "zedcloud_project.zededa_project"
          ]
        }
      ]
    },
    {
      "mode": "managed",
      "type": "zedcloud_datastore",
      "name": "barq_demo",
      "provider": "provider[\"registry.terraform.io/zededa/zedcloud\"]",
      "instances": [
        {
          "schema_version": 0,
          "attributes": {
            "api_key": "",
            "certificate_chain": [],
            "crypto_key": "aes256_common",
            "description": "",
            "ds_fqdn": "docker://commonpoc.azurecr.io",
            "ds_path": "",
            "ds_status": "DATASTORE_STATUS_ACTIVE",
            "ds_type": "DATASTORE_TYPE_CONTAINERREGISTRY",
            "encrypted_secrets": {
              "QXBpS2V5": "vault:v1:oQ6WUuLx5I1Ck7K5811bIS7SEBzel5x9mihPh27PyVmgbkZ5WA==",
              "QXBpUGFzc3dk": "vault:v1:zrP/jmAk4pbVITi1e1iXnwHaFSwFaRCvPVcAQVtlWkGA7dKvw1zvMbCCHBMKmu3HF7IZPwzhzEgj9g/b"
            },
            "id": "6e503c52-abc1-443d-a7da-05f7397aaf2d",
            "name": "barq_demo_ds",
            "need_clear_text": false,
            "origin_type": "ORIGIN_LOCAL",
            "project_access_list": [
              "062bccc1-e6b5-415b-b624-484cfd3d4c32"
            ],
            "region": "",
            "revision": [
              {
                "created_at": "2025-08-28T06:10:00.804Z",
                "created_by": "sathiya-barq@zededa.com",
                "curr": "1",
                "prev": "",
                "updated_at": "2025-08-28T06:10:00.804Z",
                "updated_by": "sathiya-barq@zededa.com"
              }
            ],
            "secret": [],
            "title": "barq_demo_ds"
          },
          "sensitive_attributes": [],
          "private": "bnVsbA==",
          "dependencies": [
            "zedcloud_project.zededa_project"
          ]
        }
      ]
    },
    {
      "mode": "managed",
      "type": "zedcloud_edgenode",
      "name": "deploy_nodes",
      "provider": "provider[\"registry.terraform.io/zededa/zedcloud\"]",
      "instances": [
        {
          "index_key": "node1",
          "schema_version": 0,
          "attributes": {
            "admin_state": "ADMIN_STATE_ACTIVE",
            "asset_id": "",
            "base_image": [],
            "base_os_retry_counter": 0,
            "base_os_retry_time": "",
            "client_ip": "",
            "cluster_id": "",
            "config_item": [
              {
                "bool_value": false,
                "float_value": 0,
                "key": "debug.enable.ssh",
                "string_value": "\u003cssh pub key\u003e",
                "uint32_value": 0,
                "uint64_value": "0",
                "value_type": ""
              }
            ],
            "cpu": 0,
            "debug_knob": [
              {
                "debug_knob": false,
                "expired": true,
                "expiry": "0",
                "id": "1f190d5b-cca4-4ea0-a995-855b2c36734f"
              }
            ],
            "default_net_inst": [],
            "deployment_tag": "",
            "deprecated": "",
            "description": "BarQ demo Edge node node1",
            "dev_location": [],
            "dlisp": [],
            "edgeviewconfig": [
              {
                "app_policy": [
                  {
                    "allow_app": true
                  }
                ],
                "dev_policy": [
                  {
                    "allow_dev": true
                  }
                ],
                "ext_policy": [
                  {
                    "allow_ext": true
                  }
                ],
                "generation_id": 0,
                "jwt_info": [
                  {
                    "allow_sec": 18000,
                    "disp_url": "zedcloud.gmwtus.zededa.net/api/v1/edge-view",
                    "encrypt": true,
                    "expire_sec": "0",
                    "num_inst": 1
                  }
                ],
                "token": ""
              }
            ],
            "generate_soft_serial": false,
            "id": "1f190d5b-cca4-4ea0-a995-855b2c36734f",
            "identity": "",
            "interfaces": [
              {
                "cost": 0,
                "intf_usage": "ADAPTER_USAGE_MANAGEMENT",
                "intfname": "eth0",
                "ipaddr": "",
                "macaddr": "",
                "netname": "terraform_interface_network",
                "tags": null
              }
            ],
            "location": "",
            "memory": 0,
            "model_id": "01c0c06a-b5ce-4f19-be9d-d7fd341556cd",
            "name": "node1",
            "onboarding_key": "5d0767ee-0547-4569-b530-387e526f8cb9:VMware-56 4d 92 53 3b 62 8a 3c-dd 16 9f 9d d3 cf 70 6e",
            "prepare_power_off_counter": 0,
            "prepare_power_off_time": "",
            "project_id": "062bccc1-e6b5-415b-b624-484cfd3d4c32",
            "reset_counter": 1000,
            "reset_time": "",
            "revision": [
              {
                "created_at": "2025-08-28T06:10:00.735Z",
                "created_by": "sathiya-barq@zededa.com",
                "curr": "3",
                "prev": "",
                "updated_at": "2025-08-28T06:10:00.745Z",
                "updated_by": "sathiya-barq@zededa.com"
              }
            ],
            "serialno": "VMware-56 4d 92 53 3b 62 8a 3c-dd 16 9f 9d d3 cf 70 6e",
            "site_pictures": null,
            "storage": 0,
            "tags": null,
            "thread": 0,
            "title": "Node-node1",
            "token": "",
            "utype": "AMD64"
          },
          "sensitive_attributes": [],
          "private": "bnVsbA==",
          "dependencies": [
            "zedcloud_network.terr_interface",
            "zedcloud_project.zededa_project"
          ]
        },
        {
          "index_key": "node2",
          "schema_version": 0,
          "attributes": {
            "admin_state": "ADMIN_STATE_ACTIVE",
            "asset_id": "",
            "base_image": [],
            "base_os_retry_counter": 0,
            "base_os_retry_time": "",
            "client_ip": "",
            "cluster_id": "",
            "config_item": [
              {
                "bool_value": false,
                "float_value": 0,
                "key": "debug.enable.ssh",
                "string_value": "\u003cssh pub key\u003e",
                "uint32_value": 0,
                "uint64_value": "0",
                "value_type": ""
              }
            ],
            "cpu": 0,
            "debug_knob": [
              {
                "debug_knob": false,
                "expired": true,
                "expiry": "0",
                "id": "5e534663-642e-44cb-a35c-af5726235fc5"
              }
            ],
            "default_net_inst": [],
            "deployment_tag": "",
            "deprecated": "",
            "description": "BarQ demo Edge node node2",
            "dev_location": [],
            "dlisp": [],
            "edgeviewconfig": [
              {
                "app_policy": [
                  {
                    "allow_app": true
                  }
                ],
                "dev_policy": [
                  {
                    "allow_dev": true
                  }
                ],
                "ext_policy": [
                  {
                    "allow_ext": true
                  }
                ],
                "generation_id": 0,
                "jwt_info": [
                  {
                    "allow_sec": 18000,
                    "disp_url": "zedcloud.gmwtus.zededa.net/api/v1/edge-view",
                    "encrypt": true,
                    "expire_sec": "0",
                    "num_inst": 1
                  }
                ],
                "token": ""
              }
            ],
            "generate_soft_serial": false,
            "id": "5e534663-642e-44cb-a35c-af5726235fc5",
            "identity": "",
            "interfaces": [
              {
                "cost": 0,
                "intf_usage": "ADAPTER_USAGE_MANAGEMENT",
                "intfname": "eth0",
                "ipaddr": "",
                "macaddr": "",
                "netname": "terraform_interface_network",
                "tags": null
              }
            ],
            "location": "",
            "memory": 0,
            "model_id": "01c0c06a-b5ce-4f19-be9d-d7fd341556cd",
            "name": "node2",
            "onboarding_key": "5d0767ee-0547-4569-b530-387e526f8cb9:VMware-56 4d 14 68 d0 ef 05 03-f8 e2 ec 12 75 8c 04 60",
            "prepare_power_off_counter": 0,
            "prepare_power_off_time": "",
            "project_id": "062bccc1-e6b5-415b-b624-484cfd3d4c32",
            "reset_counter": 1000,
            "reset_time": "",
            "revision": [
              {
                "created_at": "2025-08-28T06:10:01.562Z",
                "created_by": "sathiya-barq@zededa.com",
                "curr": "3",
                "prev": "",
                "updated_at": "2025-08-28T06:10:01.571Z",
                "updated_by": "sathiya-barq@zededa.com"
              }
            ],
            "serialno": "VMware-56 4d 14 68 d0 ef 05 03-f8 e2 ec 12 75 8c 04 60",
            "site_pictures": null,
            "storage": 0,
            "tags": null,
            "thread": 0,
            "title": "Node-node2",
            "token": "",
            "utype": "AMD64"
          },
          "sensitive_attributes": [],
          "private": "bnVsbA==",
          "dependencies": [
            "zedcloud_network.terr_interface",
            "zedcloud_project.zededa_project"
          ]
        }
      ]
    },
    {
      "mode": "managed",
      "type": "zedcloud_image",
      "name": "ppe_detection",
      "provider": "provider[\"registry.terraform.io/zededa/zedcloud\"]",
      "instances": [
        {
          "schema_version": 0,
          "attributes": {
            "datastore_id": "6e503c52-abc1-443d-a7da-05f7397aaf2d",
            "description": "Image created for demo",
            "id": "c7a96e40-33f5-4277-8daa-279a6949aa3e",
            "image_arch": "AMD64",
            "image_error": "Image uplinked successfully...",
            "image_format": "CONTAINER",
            "image_local": "",
            "image_rel_url": "ppe-detection-cpu:3.0",
            "image_sha256": "",
            "image_size_bytes": "0",
            "image_status": "IMAGE_STATUS_READY",
            "image_type": "IMAGE_TYPE_APPLICATION",
            "image_version": "",
            "name": "ppe_detection_version1",
            "origin_type": "ORIGIN_LOCAL",
            "project_access_list": [
              "062bccc1-e6b5-415b-b624-484cfd3d4c32"
            ],
            "revision": [
              {
                "created_at": "2025-08-28T06:10:01.479Z",
                "created_by": "sathiya-barq@zededa.com",
                "curr": "3",
                "prev": "",
                "updated_at": "2025-08-28T06:10:02.203Z",
                "updated_by": "sathiya-barq@zededa.com"
              }
            ],
            "title": "ppe_detection_verion1"
          },
          "sensitive_attributes": [],
          "private": "bnVsbA==",
          "dependencies": [
            "zedcloud_datastore.barq_demo",
            "zedcloud_project.zededa_project"
          ]
        }
      ]
    },
    {
      "mode": "managed",
      "type": "zedcloud_network",
      "name": "terr_interface",
      "provider": "provider[\"registry.terraform.io/zededa/zedcloud\"]",
      "instances": [
        {
          "schema_version": 0,
          "attributes": {
            "description": "Adapter config created by terraform",
            "dns_list": [],
            "enterprise_default": false,
            "id": "a3f865b9-a196-4e1c-8679-2572df8e426d",
            "ip": [
              {
                "deprecated_dhcp": false,
                "dhcp": "NETWORK_DHCP_TYPE_CLIENT",
                "dhcp_range": [],
                "dns": null,
                "domain": "",
                "gateway": "",
                "mask": "",
                "ntp": "",
                "subnet": ""
              }
            ],
            "kind": "NETWORK_KIND_V4",
            "mtu": 0,
            "name": "terraform_interface_network",
            "project_id": "062bccc1-e6b5-415b-b624-484cfd3d4c32",
            "proxy": [
              {
                "exceptions": "",
                "network_proxy": false,
                "network_proxy_certs": [],
                "network_proxy_url": "",
                "pacfile": "",
                "proxies": []
              }
            ],
            "revision": [
              {
                "created_at": "2025-08-28T06:10:00.004Z",
                "created_by": "sathiya-barq@zededa.com",
                "curr": "1",
                "prev": "",
                "updated_at": "2025-08-28T06:10:00.004Z",
                "updated_by": "sathiya-barq@zededa.com"
              }
            ],
            "title": "terraform_interface_network",
            "wireless": [
              {
                "cellular": [
                  {
                    "apn": "",
                    "location_tracking": false
                  }
                ],
                "type": "NETWORK_WIRELESS_TYPE_UNSPECIFIED",
                "wifi": []
              }
            ]
          },
          "sensitive_attributes": [],
          "private": "bnVsbA==",
          "dependencies": [
            "zedcloud_project.zededa_project"
          ]
        }
      ]
    },
    {
      "mode": "managed",
      "type": "zedcloud_network_instance",
      "name": "node1_instance",
      "provider": "provider[\"registry.terraform.io/zededa/zedcloud\"]",
      "instances": [
        {
          "schema_version": 0,
          "attributes": {
            "cluster_id": "",
            "description": "",
            "device_default": false,
            "device_id": "1f190d5b-cca4-4ea0-a995-855b2c36734f",
            "dhcp": false,
            "dns_list": [],
            "edge_node_cluster": [
              {
                "designated_node_id": "",
                "id": ""
              }
            ],
            "id": "b2ad9efb-157f-4892-84b7-c325cc77cf4d",
            "ip": [
              {
                "dhcp_range": [
                  {
                    "end": "10.20.0.30",
                    "start": "10.20.0.20"
                  }
                ],
                "dns": null,
                "domain": "",
                "gateway": "10.20.0.1",
                "mask": "",
                "ntp": "",
                "subnet": "10.20.0.0/24"
              }
            ],
            "kind": "NETWORK_INSTANCE_KIND_LOCAL",
            "lisp": [],
            "mtu": 0,
            "name": "node1-eth0",
            "network_policy_id": "",
            "oconfig": "",
            "opaque": [],
            "port": "eth0",
            "port_tags": null,
            "project_id": "062bccc1-e6b5-415b-b624-484cfd3d4c32",
            "propagate_connected_routes": false,
            "revision": [
              {
                "created_at": "2025-08-28T06:10:01.745Z",
                "created_by": "sathiya-barq@zededa.com",
                "curr": "1",
                "prev": "",
                "updated_at": "2025-08-28T06:10:01.745Z",
                "updated_by": "sathiya-barq@zededa.com"
              }
            ],
            "static_routes": [],
            "tags": null,
            "title": "node1-eth0",
            "type": "NETWORK_INSTANCE_DHCP_TYPE_V4"
          },
          "sensitive_attributes": [],
          "private": "bnVsbA==",
          "dependencies": [
            "zedcloud_edgenode.deploy_nodes",
            "zedcloud_network.terr_interface",
            "zedcloud_project.zededa_project"
          ]
        }
      ]
    },
    {
      "mode": "managed",
      "type": "zedcloud_network_instance",
      "name": "node2_instance",
      "provider": "provider[\"registry.terraform.io/zededa/zedcloud\"]",
      "instances": [
        {
          "schema_version": 0,
          "attributes": {
            "cluster_id": "",
            "description": "",
            "device_default": false,
            "device_id": "5e534663-642e-44cb-a35c-af5726235fc5",
            "dhcp": false,
            "dns_list": [],
            "edge_node_cluster": [
              {
                "designated_node_id": "",
                "id": ""
              }
            ],
            "id": "3ceee9ef-0e8e-4f09-86bb-b23fc4297128",
            "ip": [
              {
                "dhcp_range": [
                  {
                    "end": "10.30.0.30",
                    "start": "10.30.0.20"
                  }
                ],
                "dns": null,
                "domain": "",
                "gateway": "10.30.0.1",
                "mask": "",
                "ntp": "",
                "subnet": "10.30.0.0/24"
              }
            ],
            "kind": "NETWORK_INSTANCE_KIND_LOCAL",
            "lisp": [],
            "mtu": 0,
            "name": "node2-eth0",
            "network_policy_id": "",
            "oconfig": "",
            "opaque": [],
            "port": "eth0",
            "port_tags": null,
            "project_id": "062bccc1-e6b5-415b-b624-484cfd3d4c32",
            "propagate_connected_routes": false,
            "revision": [
              {
                "created_at": "2025-08-28T06:10:02.639Z",
                "created_by": "sathiya-barq@zededa.com",
                "curr": "1",
                "prev": "",
                "updated_at": "2025-08-28T06:10:02.639Z",
                "updated_by": "sathiya-barq@zededa.com"
              }
            ],
            "static_routes": [],
            "tags": null,
            "title": "node2-eth0",
            "type": "NETWORK_INSTANCE_DHCP_TYPE_V4"
          },
          "sensitive_attributes": [],
          "private": "bnVsbA==",
          "dependencies": [
            "zedcloud_edgenode.deploy_nodes",
            "zedcloud_network.terr_interface",
            "zedcloud_project.zededa_project"
          ]
        }
      ]
    },
    {
      "mode": "managed",
      "type": "zedcloud_project",
      "name": "zededa_project",
      "provider": "provider[\"registry.terraform.io/zededa/zedcloud\"]",
      "instances": [
        {
          "schema_version": 0,
          "attributes": {
            "app_policy": [],
            "attestation_policy": [
              {
                "app_policy": [],
                "attestation_policy": [
                  {
                    "id": "",
                    "type": "ATTEST_POLICY_TYPE_ACCEPT"
                  }
                ],
                "attr": {},
                "azure_policy": [],
                "cluster_policy": [],
                "configuration_lock_policy": [],
                "description": "",
                "edgeview_policy": [],
                "id": "66ff426c-5e54-4ee7-a0af-707a502d6369",
                "local_operator_console_policy": [],
                "module_policy": [],
                "name": "demo-barq_BPtXlCCyrYaObdo",
                "network_policy": [],
                "revision": [
                  {
                    "created_at": "2025-08-28T06:09:59.093Z",
                    "created_by": "sathiya-barq@zededa.com",
                    "curr": "1",
                    "prev": "",
                    "updated_at": "2025-08-28T06:09:59.093Z",
                    "updated_by": "sathiya-barq@zededa.com"
                  }
                ],
                "status": "POLICY_STATUS_READY",
                "status_message": "Policy configured successfully",
                "title": "",
                "type": "POLICY_TYPE_ATTESTATION"
              }
            ],
            "attr": {},
            "cloud_policy": [],
            "configuration_lock_policy": [],
            "description": "",
            "edgeview_policy": [
              {
                "app_policy": [],
                "attestation_policy": [],
                "attr": null,
                "azure_policy": [],
                "cluster_policy": [],
                "configuration_lock_policy": [],
                "description": "",
                "edgeview_policy": [
                  {
                    "access_allow_change": true,
                    "edgeview_allow": true,
                    "edgeviewcfg": [
                      {
                        "app_policy": [
                          {
                            "allow_app": true
                          }
                        ],
                        "dev_policy": [
                          {
                            "allow_dev": true
                          }
                        ],
                        "ext_policy": [
                          {
                            "allow_ext": true
                          }
                        ],
                        "generation_id": 0,
                        "jwt_info": [
                          {
                            "allow_sec": 18000,
                            "disp_url": "zedcloud.gmwtus.zededa.net/api/v1/edge-view",
                            "encrypt": true,
                            "expire_sec": "0",
                            "num_inst": 1
                          }
                        ],
                        "token": ""
                      }
                    ],
                    "max_expire_sec": 2592000,
                    "max_inst": 3
                  }
                ],
                "id": "52c84a50-7792-4bc0-9a54-0a63e2a1ae15",
                "local_operator_console_policy": [],
                "module_policy": [],
                "name": "demo-barq.edgeviewPolicy",
                "network_policy": [],
                "revision": [
                  {
                    "created_at": "2025-08-28T06:09:59.090Z",
                    "created_by": "sathiya-barq@zededa.com",
                    "curr": "1",
                    "prev": "",
                    "updated_at": "2025-08-28T06:09:59.090Z",
                    "updated_by": "sathiya-barq@zededa.com"
                  }
                ],
                "status": "POLICY_STATUS_READY",
                "status_message": "Policy configured successfully",
                "title": "",
                "type": "POLICY_TYPE_EDGEVIEW"
              }
            ],
            "id": "062bccc1-e6b5-415b-b624-484cfd3d4c32",
            "local_operator_console_policy": [],
            "module_policy": [],
            "name": "demo-barq",
            "network_policy": [],
            "numdevices": 0,
            "revision": [
              {
                "created_at": "2025-08-28T06:09:59.094Z",
                "created_by": "sathiya-barq@zededa.com",
                "curr": "1",
                "prev": "",
                "updated_at": "2025-08-28T06:09:59.094Z",
                "updated_by": "sathiya-barq@zededa.com"
              }
            ],
            "tag_level_settings": [
              {
                "flow_log_transmission": "NETWORK_INSTANCE_FLOW_LOG_TRANSMISSION_UNSPECIFIED",
                "interface_ordering": "INTERFACE_ORDERING_DISABLED"
              }
            ],
            "tags": null,
            "title": "demo-barq",
            "type": "TAG_TYPE_PROJECT"
          },
          "sensitive_attributes": [],
          "private": "bnVsbA=="
        }
      ]
    }
  ],
  "check_results": null
}
